
Microsoft Visual Studio Solution File, Format Version 12.00
# Visual Studio Version 16
VisualStudioVersion = 16.0.32002.261
MinimumVisualStudioVersion = 10.0.40219.1
Project("{8BC9CEB8-8B4A-11D0-8D11-00A0C91BC942}") = "cincout", "cincout\cincout.vcxproj", "{4DAFAA75-316F-4820-A607-BF4183A728BD}"
EndProject
Project("{8BC9CEB8-8B4A-11D0-8D11-00A0C91BC942}") = "Struct", "Struct\Struct.vcxproj", "{4FE508FB-0C0F-4BA1-A006-05BADECDF63A}"
EndProject
Project("{8BC9CEB8-8B4A-11D0-8D11-00A0C91BC942}") = "Pointer", "Pointer\Pointer.vcxproj", "{4FB18AC0-3721-4541-A6AC-A2360AD46F5C}"
EndProject
Project("{8BC9CEB8-8B4A-11D0-8D11-00A0C91BC942}") = "Loop", "Loop\Loop.vcxproj", "{EA68D1CB-F91D-4E4D-B62B-92C515F620DD}"
EndProject
Project("{8BC9CEB8-8B4A-11D0-8D11-00A0C91BC942}") = "Switch", "Switch\Switch.vcxproj", "{F949BC26-1811-40F6-95A1-C8E59700CB4B}"
EndProject
Project("{8BC9CEB8-8B4A-11D0-8D11-00A0C91BC942}") = "function", "function\function.vcxproj", "{C3021762-1005-460E-AD1A-BCE80B2D9CB3}"
EndProject
Global
	GlobalSection(SolutionConfigurationPlatforms) = preSolution
		Debug|x64 = Debug|x64
		Debug|x86 = Debug|x86
		Release|x64 = Release|x64
		Release|x86 = Release|x86
	EndGlobalSection
	GlobalSection(ProjectConfigurationPlatforms) = postSolution
		{4DAFAA75-316F-4820-A607-BF4183A728BD}.Debug|x64.ActiveCfg = Debug|x64
		{4DAFAA75-316F-4820-A607-BF4183A728BD}.Debug|x64.Build.0 = Debug|x64
		{4DAFAA75-316F-4820-A607-BF4183A728BD}.Debug|x86.ActiveCfg = Debug|Win32
		{4DAFAA75-316F-4820-A607-BF4183A728BD}.Debug|x86.Build.0 = Debug|Win32
		{4DAFAA75-316F-4820-A607-BF4183A728BD}.Release|x64.ActiveCfg = Release|x64
		{4DAFAA75-316F-4820-A607-BF4183A728BD}.Release|x64.Build.0 = Release|x64
		{4DAFAA75-316F-4820-A607-BF4183A728BD}.Release|x86.ActiveCfg = Release|Win32
		{4DAFAA75-316F-4820-A607-BF4183A728BD}.Release|x86.Build.0 = Release|Win32
		{4FE508FB-0C0F-4BA1-A006-05BADECDF63A}.Debug|x64.ActiveCfg = Debug|x64
		{4FE508FB-0C0F-4BA1-A006-05BADECDF63A}.Debug|x64.Build.0 = Debug|x64
		{4FE508FB-0C0F-4BA1-A006-05BADECDF63A}.Debug|x86.ActiveCfg = Debug|Win32
		{4FE508FB-0C0F-4BA1-A006-05BADECDF63A}.Debug|x86.Build.0 = Debug|Win32
		{4FE508FB-0C0F-4BA1-A006-05BADECDF63A}.Release|x64.ActiveCfg = Release|x64
		{4FE508FB-0C0F-4BA1-A006-05BADECDF63A}.Release|x64.Build.0 = Release|x64
		{4FE508FB-0C0F-4BA1-A006-05BADECDF63A}.Release|x86.ActiveCfg = Release|Win32
		{4FE508FB-0C0F-4BA1-A006-05BADECDF63A}.Release|x86.Build.0 = Release|Win32
		{4FB18AC0-3721-4541-A6AC-A2360AD46F5C}.Debug|x64.ActiveCfg = Debug|x64
		{4FB18AC0-3721-4541-A6AC-A2360AD46F5C}.Debug|x64.Build.0 = Debug|x64
		{4FB18AC0-3721-4541-A6AC-A2360AD46F5C}.Debug|x86.ActiveCfg = Debug|Win32
		{4FB18AC0-3721-4541-A6AC-A2360AD46F5C}.Debug|x86.Build.0 = Debug|Win32
		{4FB18AC0-3721-4541-A6AC-A2360AD46F5C}.Release|x64.ActiveCfg = Release|x64
		{4FB18AC0-3721-4541-A6AC-A2360AD46F5C}.Release|x64.Build.0 = Release|x64
		{4FB18AC0-3721-4541-A6AC-A2360AD46F5C}.Release|x86.ActiveCfg = Release|Win32
		{4FB18AC0-3721-4541-A6AC-A2360AD46F5C}.Release|x86.Build.0 = Release|Win32
		{EA68D1CB-F91D-4E4D-B62B-92C515F620DD}.Debug|x64.ActiveCfg = Debug|x64
		{EA68D1CB-F91D-4E4D-B62B-92C515F620DD}.Debug|x64.Build.0 = Debug|x64
		{EA68D1CB-F91D-4E4D-B62B-92C515F620DD}.Debug|x86.ActiveCfg = Debug|Win32
		{EA68D1CB-F91D-4E4D-B62B-92C515F620DD}.Debug|x86.Build.0 = Debug|Win32
		{EA68D1CB-F91D-4E4D-B62B-92C515F620DD}.Release|x64.ActiveCfg = Release|x64
		{EA68D1CB-F91D-4E4D-B62B-92C515F620DD}.Release|x64.Build.0 = Release|x64
		{EA68D1CB-F91D-4E4D-B62B-92C515F620DD}.Release|x86.ActiveCfg = Release|Win32
		{EA68D1CB-F91D-4E4D-B62B-92C515F620DD}.Release|x86.Build.0 = Release|Win32
		{F949BC26-1811-40F6-95A1-C8E59700CB4B}.Debug|x64.ActiveCfg = Debug|x64
		{F949BC26-1811-40F6-95A1-C8E59700CB4B}.Debug|x64.Build.0 = Debug|x64
		{F949BC26-1811-40F6-95A1-C8E59700CB4B}.Debug|x86.ActiveCfg = Debug|Win32
		{F949BC26-1811-40F6-95A1-C8E59700CB4B}.Debug|x86.Build.0 = Debug|Win32
		{F949BC26-1811-40F6-95A1-C8E59700CB4B}.Release|x64.ActiveCfg = Release|x64
		{F949BC26-1811-40F6-95A1-C8E59700CB4B}.Release|x64.Build.0 = Release|x64
		{F949BC26-1811-40F6-95A1-C8E59700CB4B}.Release|x86.ActiveCfg = Release|Win32
		{F949BC26-1811-40F6-95A1-C8E59700CB4B}.Release|x86.Build.0 = Release|Win32
		{C3021762-1005-460E-AD1A-BCE80B2D9CB3}.Debug|x64.ActiveCfg = Debug|x64
		{C3021762-1005-460E-AD1A-BCE80B2D9CB3}.Debug|x64.Build.0 = Debug|x64
		{C3021762-1005-460E-AD1A-BCE80B2D9CB3}.Debug|x86.ActiveCfg = Debug|Win32
		{C3021762-1005-460E-AD1A-BCE80B2D9CB3}.Debug|x86.Build.0 = Debug|Win32
		{C3021762-1005-460E-AD1A-BCE80B2D9CB3}.Release|x64.ActiveCfg = Release|x64
		{C3021762-1005-460E-AD1A-BCE80B2D9CB3}.Release|x64.Build.0 = Release|x64
		{C3021762-1005-460E-AD1A-BCE80B2D9CB3}.Release|x86.ActiveCfg = Release|Win32
		{C3021762-1005-460E-AD1A-BCE80B2D9CB3}.Release|x86.Build.0 = Release|Win32
	EndGlobalSection
	GlobalSection(SolutionProperties) = preSolution
		HideSolutionNode = FALSE
	EndGlobalSection
	GlobalSection(ExtensibilityGlobals) = postSolution
		SolutionGuid = {0995515C-6F01-4E44-A962-EA3B8240BB92}
	EndGlobalSection
EndGlobal
